
Microsoft Visual Studio Solution File, Format Version 12.00
# Visual Studio Version 16
VisualStudioVersion = 16.0.31727.386
MinimumVisualStudioVersion = 10.0.40219.1
Project("{FAE04EC0-301F-11D3-BF4B-00C04F79EFBC}") = "Homework 4", "Homework 4\Homework 4.csproj", "{0021C6A3-92A6-41FF-8FB0-159BC5BB27BD}"
EndProject
Global
	GlobalSection(SolutionConfigurationPlatforms) = preSolution
		Debug|Any CPU = Debug|Any CPU
		Release|Any CPU = Release|Any CPU
	EndGlobalSection
	GlobalSection(ProjectConfigurationPlatforms) = postSolution
		{0021C6A3-92A6-41FF-8FB0-159BC5BB27BD}.Debug|Any CPU.ActiveCfg = Debug|Any CPU
		{0021C6A3-92A6-41FF-8FB0-159BC5BB27BD}.Debug|Any CPU.Build.0 = Debug|Any CPU
		{0021C6A3-92A6-41FF-8FB0-159BC5BB27BD}.Release|Any CPU.ActiveCfg = Release|Any CPU
		{0021C6A3-92A6-41FF-8FB0-159BC5BB27BD}.Release|Any CPU.Build.0 = Release|Any CPU
	EndGlobalSection
	GlobalSection(SolutionProperties) = preSolution
		HideSolutionNode = FALSE
	EndGlobalSection
	GlobalSection(ExtensibilityGlobals) = postSolution
		SolutionGuid = {F9496D41-3166-44B8-8687-C449E87C6832}
	EndGlobalSection
EndGlobal
